// !$*UTF8*$!
{
	archiveVersion = 1;
	classes = {
	};
	objectVersion = 50;
	objects = {

/* Begin PBXBuildFile section */
		7BB3983C230C1C3C0011ED18 /* AppDelegate.swift in Sources */ = {isa = PBXBuildFile; fileRef = 7BB3983B230C1C3C0011ED18 /* AppDelegate.swift */; };
		7BB3983E230C1C3C0011ED18 /* ViewController.swift in Sources */ = {isa = PBXBuildFile; fileRef = 7BB3983D230C1C3C0011ED18 /* ViewController.swift */; };
		7BB39841230C1C3C0011ED18 /* Main.storyboard in Resources */ = {isa = PBXBuildFile; fileRef = 7BB3983F230C1C3C0011ED18 /* Main.storyboard */; };
		7BB39844230C1C3C0011ED18 /* StoreReadJSON.xcdatamodeld in Sources */ = {isa = PBXBuildFile; fileRef = 7BB39842230C1C3C0011ED18 /* StoreReadJSON.xcdatamodeld */; };
		7BB39846230C1C3C0011ED18 /* Assets.xcassets in Resources */ = {isa = PBXBuildFile; fileRef = 7BB39845230C1C3C0011ED18 /* Assets.xcassets */; };
		7BB39849230C1C3C0011ED18 /* LaunchScreen.storyboard in Resources */ = {isa = PBXBuildFile; fileRef = 7BB39847230C1C3C0011ED18 /* LaunchScreen.storyboard */; };
		7BB39854230C1C3C0011ED18 /* StoreReadJSONTests.swift in Sources */ = {isa = PBXBuildFile; fileRef = 7BB39853230C1C3C0011ED18 /* StoreReadJSONTests.swift */; };
		7BB3985F230C1C3D0011ED18 /* StoreReadJSONUITests.swift in Sources */ = {isa = PBXBuildFile; fileRef = 7BB3985E230C1C3D0011ED18 /* StoreReadJSONUITests.swift */; };
		7BB3986D230C1C4C0011ED18 /* Snack.swift in Sources */ = {isa = PBXBuildFile; fileRef = 7BB3986C230C1C4C0011ED18 /* Snack.swift */; };
		7BB3986F230C20B40011ED18 /* Enums.swift in Sources */ = {isa = PBXBuildFile; fileRef = 7BB3986E230C20B40011ED18 /* Enums.swift */; };
		7BB39871230C20CC0011ED18 /* Extensions.swift in Sources */ = {isa = PBXBuildFile; fileRef = 7BB39870230C20CC0011ED18 /* Extensions.swift */; };
		7BB39873230C26C70011ED18 /* Mockdata.swift in Sources */ = {isa = PBXBuildFile; fileRef = 7BB39872230C26C70011ED18 /* Mockdata.swift */; };
/* End PBXBuildFile section */

/* Begin PBXContainerItemProxy section */
		7BB39850230C1C3C0011ED18 /* PBXContainerItemProxy */ = {
			isa = PBXContainerItemProxy;
			containerPortal = 7BB39830230C1C3C0011ED18 /* Project object */;
			proxyType = 1;
			remoteGlobalIDString = 7BB39837230C1C3C0011ED18;
			remoteInfo = StoreReadJSON;
		};
		7BB3985B230C1C3D0011ED18 /* PBXContainerItemProxy */ = {
			isa = PBXContainerItemProxy;
			containerPortal = 7BB39830230C1C3C0011ED18 /* Project object */;
			proxyType = 1;
			remoteGlobalIDString = 7BB39837230C1C3C0011ED18;
			remoteInfo = StoreReadJSON;
		};
/* End PBXContainerItemProxy section */

/* Begin PBXFileReference section */
		7BB39838230C1C3C0011ED18 /* StoreReadJSON.app */ = {isa = PBXFileReference; explicitFileType = wrapper.application; includeInIndex = 0; path = StoreReadJSON.app; sourceTree = BUILT_PRODUCTS_DIR; };
		7BB3983B230C1C3C0011ED18 /* AppDelegate.swift */ = {isa = PBXFileReference; lastKnownFileType = sourcecode.swift; path = AppDelegate.swift; sourceTree = "<group>"; };
		7BB3983D230C1C3C0011ED18 /* ViewController.swift */ = {isa = PBXFileReference; lastKnownFileType = sourcecode.swift; path = ViewController.swift; sourceTree = "<group>"; };
		7BB39840230C1C3C0011ED18 /* Base */ = {isa = PBXFileReference; lastKnownFileType = file.storyboard; name = Base; path = Base.lproj/Main.storyboard; sourceTree = "<group>"; };
		7BB39843230C1C3C0011ED18 /* StoreReadJSON.xcdatamodel */ = {isa = PBXFileReference; lastKnownFileType = wrapper.xcdatamodel; path = StoreReadJSON.xcdatamodel; sourceTree = "<group>"; };
		7BB39845230C1C3C0011ED18 /* Assets.xcassets */ = {isa = PBXFileReference; lastKnownFileType = folder.assetcatalog; path = Assets.xcassets; sourceTree = "<group>"; };
		7BB39848230C1C3C0011ED18 /* Base */ = {isa = PBXFileReference; lastKnownFileType = file.storyboard; name = Base; path = Base.lproj/LaunchScreen.storyboard; sourceTree = "<group>"; };
		7BB3984A230C1C3C0011ED18 /* Info.plist */ = {isa = PBXFileReference; lastKnownFileType = text.plist.xml; path = Info.plist; sourceTree = "<group>"; };
		7BB3984F230C1C3C0011ED18 /* StoreReadJSONTests.xctest */ = {isa = PBXFileReference; explicitFileType = wrapper.cfbundle; includeInIndex = 0; path = StoreReadJSONTests.xctest; sourceTree = BUILT_PRODUCTS_DIR; };
		7BB39853230C1C3C0011ED18 /* StoreReadJSONTests.swift */ = {isa = PBXFileReference; lastKnownFileType = sourcecode.swift; path = StoreReadJSONTests.swift; sourceTree = "<group>"; };
		7BB39855230C1C3D0011ED18 /* Info.plist */ = {isa = PBXFileReference; lastKnownFileType = text.plist.xml; path = Info.plist; sourceTree = "<group>"; };
		7BB3985A230C1C3D0011ED18 /* StoreReadJSONUITests.xctest */ = {isa = PBXFileReference; explicitFileType = wrapper.cfbundle; includeInIndex = 0; path = StoreReadJSONUITests.xctest; sourceTree = BUILT_PRODUCTS_DIR; };
		7BB3985E230C1C3D0011ED18 /* StoreReadJSONUITests.swift */ = {isa = PBXFileReference; lastKnownFileType = sourcecode.swift; path = StoreReadJSONUITests.swift; sourceTree = "<group>"; };
		7BB39860230C1C3D0011ED18 /* Info.plist */ = {isa = PBXFileReference; lastKnownFileType = text.plist.xml; path = Info.plist; sourceTree = "<group>"; };
		7BB3986C230C1C4C0011ED18 /* Snack.swift */ = {isa = PBXFileReference; lastKnownFileType = sourcecode.swift; path = Snack.swift; sourceTree = "<group>"; };
		7BB3986E230C20B40011ED18 /* Enums.swift */ = {isa = PBXFileReference; lastKnownFileType = sourcecode.swift; path = Enums.swift; sourceTree = "<group>"; };
		7BB39870230C20CC0011ED18 /* Extensions.swift */ = {isa = PBXFileReference; lastKnownFileType = sourcecode.swift; path = Extensions.swift; sourceTree = "<group>"; };
		7BB39872230C26C70011ED18 /* Mockdata.swift */ = {isa = PBXFileReference; lastKnownFileType = sourcecode.swift; path = Mockdata.swift; sourceTree = "<group>"; };
/* End PBXFileReference section */

/* Begin PBXFrameworksBuildPhase section */
		7BB39835230C1C3C0011ED18 /* Frameworks */ = {
			isa = PBXFrameworksBuildPhase;
			buildActionMask = 2147483647;
			files = (
			);
			runOnlyForDeploymentPostprocessing = 0;
		};
		7BB3984C230C1C3C0011ED18 /* Frameworks */ = {
			isa = PBXFrameworksBuildPhase;
			buildActionMask = 2147483647;
			files = (
			);
			runOnlyForDeploymentPostprocessing = 0;
		};
		7BB39857230C1C3D0011ED18 /* Frameworks */ = {
			isa = PBXFrameworksBuildPhase;
			buildActionMask = 2147483647;
			files = (
			);
			runOnlyForDeploymentPostprocessing = 0;
		};
/* End PBXFrameworksBuildPhase section */

/* Begin PBXGroup section */
		7BB3982F230C1C3C0011ED18 = {
			isa = PBXGroup;
			children = (
				7BB3983A230C1C3C0011ED18 /* StoreReadJSON */,
				7BB39852230C1C3C0011ED18 /* StoreReadJSONTests */,
				7BB3985D230C1C3D0011ED18 /* StoreReadJSONUITests */,
				7BB39839230C1C3C0011ED18 /* Products */,
			);
			sourceTree = "<group>";
		};
		7BB39839230C1C3C0011ED18 /* Products */ = {
			isa = PBXGroup;
			children = (
				7BB39838230C1C3C0011ED18 /* StoreReadJSON.app */,
				7BB3984F230C1C3C0011ED18 /* StoreReadJSONTests.xctest */,
				7BB3985A230C1C3D0011ED18 /* StoreReadJSONUITests.xctest */,
			);
			name = Products;
			sourceTree = "<group>";
		};
		7BB3983A230C1C3C0011ED18 /* StoreReadJSON */ = {
			isa = PBXGroup;
			children = (
				7BB3983B230C1C3C0011ED18 /* AppDelegate.swift */,
				7BB3986C230C1C4C0011ED18 /* Snack.swift */,
				7BB3986E230C20B40011ED18 /* Enums.swift */,
				7BB39870230C20CC0011ED18 /* Extensions.swift */,
				7BB39872230C26C70011ED18 /* Mockdata.swift */,
				7BB3983D230C1C3C0011ED18 /* ViewController.swift */,
				7BB3983F230C1C3C0011ED18 /* Main.storyboard */,
				7BB39845230C1C3C0011ED18 /* Assets.xcassets */,
				7BB39847230C1C3C0011ED18 /* LaunchScreen.storyboard */,
				7BB3984A230C1C3C0011ED18 /* Info.plist */,
				7BB39842230C1C3C0011ED18 /* StoreReadJSON.xcdatamodeld */,
			);
			path = StoreReadJSON;
			sourceTree = "<group>";
		};
		7BB39852230C1C3C0011ED18 /* StoreReadJSONTests */ = {
			isa = PBXGroup;
			children = (
				7BB39853230C1C3C0011ED18 /* StoreReadJSONTests.swift */,
				7BB39855230C1C3D0011ED18 /* Info.plist */,
			);
			path = StoreReadJSONTests;
			sourceTree = "<group>";
		};
		7BB3985D230C1C3D0011ED18 /* StoreReadJSONUITests */ = {
			isa = PBXGroup;
			children = (
				7BB3985E230C1C3D0011ED18 /* StoreReadJSONUITests.swift */,
				7BB39860230C1C3D0011ED18 /* Info.plist */,
			);
			path = StoreReadJSONUITests;
			sourceTree = "<group>";
		};
/* End PBXGroup section */

/* Begin PBXNativeTarget section */
		7BB39837230C1C3C0011ED18 /* StoreReadJSON */ = {
			isa = PBXNativeTarget;
			buildConfigurationList = 7BB39863230C1C3D0011ED18 /* Build configuration list for PBXNativeTarget "StoreReadJSON" */;
			buildPhases = (
				7BB39834230C1C3C0011ED18 /* Sources */,
				7BB39835230C1C3C0011ED18 /* Frameworks */,
				7BB39836230C1C3C0011ED18 /* Resources */,
			);
			buildRules = (
			);
			dependencies = (
			);
			name = StoreReadJSON;
			productName = StoreReadJSON;
			productReference = 7BB39838230C1C3C0011ED18 /* StoreReadJSON.app */;
			productType = "com.apple.product-type.application";
		};
		7BB3984E230C1C3C0011ED18 /* StoreReadJSONTests */ = {
			isa = PBXNativeTarget;
			buildConfigurationList = 7BB39866230C1C3D0011ED18 /* Build configuration list for PBXNativeTarget "StoreReadJSONTests" */;
			buildPhases = (
				7BB3984B230C1C3C0011ED18 /* Sources */,
				7BB3984C230C1C3C0011ED18 /* Frameworks */,
				7BB3984D230C1C3C0011ED18 /* Resources */,
			);
			buildRules = (
			);
			dependencies = (
				7BB39851230C1C3C0011ED18 /* PBXTargetDependency */,
			);
			name = StoreReadJSONTests;
			productName = StoreReadJSONTests;
			productReference = 7BB3984F230C1C3C0011ED18 /* StoreReadJSONTests.xctest */;
			productType = "com.apple.product-type.bundle.unit-test";
		};
		7BB39859230C1C3D0011ED18 /* StoreReadJSONUITests */ = {
			isa = PBXNativeTarget;
			buildConfigurationList = 7BB39869230C1C3D0011ED18 /* Build configuration list for PBXNativeTarget "StoreReadJSONUITests" */;
			buildPhases = (
				7BB39856230C1C3D0011ED18 /* Sources */,
				7BB39857230C1C3D0011ED18 /* Frameworks */,
				7BB39858230C1C3D0011ED18 /* Resources */,
			);
			buildRules = (
			);
			dependencies = (
				7BB3985C230C1C3D0011ED18 /* PBXTargetDependency */,
			);
			name = StoreReadJSONUITests;
			productName = StoreReadJSONUITests;
			productReference = 7BB3985A230C1C3D0011ED18 /* StoreReadJSONUITests.xctest */;
			productType = "com.apple.product-type.bundle.ui-testing";
		};
/* End PBXNativeTarget section */

/* Begin PBXProject section */
		7BB39830230C1C3C0011ED18 /* Project object */ = {
			isa = PBXProject;
			attributes = {
				LastSwiftUpdateCheck = 1020;
				LastUpgradeCheck = 1020;
				ORGANIZATIONNAME = Sog;
				TargetAttributes = {
					7BB39837230C1C3C0011ED18 = {
						CreatedOnToolsVersion = 10.2.1;
					};
					7BB3984E230C1C3C0011ED18 = {
						CreatedOnToolsVersion = 10.2.1;
						TestTargetID = 7BB39837230C1C3C0011ED18;
					};
					7BB39859230C1C3D0011ED18 = {
						CreatedOnToolsVersion = 10.2.1;
						TestTargetID = 7BB39837230C1C3C0011ED18;
					};
				};
			};
			buildConfigurationList = 7BB39833230C1C3C0011ED18 /* Build configuration list for PBXProject "StoreReadJSON" */;
			compatibilityVersion = "Xcode 9.3";
			developmentRegion = en;
			hasScannedForEncodings = 0;
			knownRegions = (
				en,
				Base,
			);
			mainGroup = 7BB3982F230C1C3C0011ED18;
			productRefGroup = 7BB39839230C1C3C0011ED18 /* Products */;
			projectDirPath = "";
			projectRoot = "";
			targets = (
				7BB39837230C1C3C0011ED18 /* StoreReadJSON */,
				7BB3984E230C1C3C0011ED18 /* StoreReadJSONTests */,
				7BB39859230C1C3D0011ED18 /* StoreReadJSONUITests */,
			);
		};
/* End PBXProject section */

/* Begin PBXResourcesBuildPhase section */
		7BB39836230C1C3C0011ED18 /* Resources */ = {
			isa = PBXResourcesBuildPhase;
			buildActionMask = 2147483647;
			files = (
				7BB39849230C1C3C0011ED18 /* LaunchScreen.storyboard in Resources */,
				7BB39846230C1C3C0011ED18 /* Assets.xcassets in Resources */,
				7BB39841230C1C3C0011ED18 /* Main.storyboard in Resources */,
			);
			runOnlyForDeploymentPostprocessing = 0;
		};
		7BB3984D230C1C3C0011ED18 /* Resources */ = {
			isa = PBXResourcesBuildPhase;
			buildActionMask = 2147483647;
			files = (
			);
			runOnlyForDeploymentPostprocessing = 0;
		};
		7BB39858230C1C3D0011ED18 /* Resources */ = {
			isa = PBXResourcesBuildPhase;
			buildActionMask = 2147483647;
			files = (
			);
			runOnlyForDeploymentPostprocessing = 0;
		};
/* End PBXResourcesBuildPhase section */

/* Begin PBXSourcesBuildPhase section */
		7BB39834230C1C3C0011ED18 /* Sources */ = {
			isa = PBXSourcesBuildPhase;
			buildActionMask = 2147483647;
			files = (
				7BB3983E230C1C3C0011ED18 /* ViewController.swift in Sources */,
				7BB39871230C20CC0011ED18 /* Extensions.swift in Sources */,
				7BB3986D230C1C4C0011ED18 /* Snack.swift in Sources */,
				7BB3986F230C20B40011ED18 /* Enums.swift in Sources */,
				7BB39844230C1C3C0011ED18 /* StoreReadJSON.xcdatamodeld in Sources */,
				7BB3983C230C1C3C0011ED18 /* AppDelegate.swift in Sources */,
				7BB39873230C26C70011ED18 /* Mockdata.swift in Sources */,
			);
			runOnlyForDeploymentPostprocessing = 0;
		};
		7BB3984B230C1C3C0011ED18 /* Sources */ = {
			isa = PBXSourcesBuildPhase;
			buildActionMask = 2147483647;
			files = (
				7BB39854230C1C3C0011ED18 /* StoreReadJSONTests.swift in Sources */,
			);
			runOnlyForDeploymentPostprocessing = 0;
		};
		7BB39856230C1C3D0011ED18 /* Sources */ = {
			isa = PBXSourcesBuildPhase;
			buildActionMask = 2147483647;
			files = (
				7BB3985F230C1C3D0011ED18 /* StoreReadJSONUITests.swift in Sources */,
			);
			runOnlyForDeploymentPostprocessing = 0;
		};
/* End PBXSourcesBuildPhase section */

/* Begin PBXTargetDependency section */
		7BB39851230C1C3C0011ED18 /* PBXTargetDependency */ = {
			isa = PBXTargetDependency;
			target = 7BB39837230C1C3C0011ED18 /* StoreReadJSON */;
			targetProxy = 7BB39850230C1C3C0011ED18 /* PBXContainerItemProxy */;
		};
		7BB3985C230C1C3D0011ED18 /* PBXTargetDependency */ = {
			isa = PBXTargetDependency;
			target = 7BB39837230C1C3C0011ED18 /* StoreReadJSON */;
			targetProxy = 7BB3985B230C1C3D0011ED18 /* PBXContainerItemProxy */;
		};
/* End PBXTargetDependency section */

/* Begin PBXVariantGroup section */
		7BB3983F230C1C3C0011ED18 /* Main.storyboard */ = {
			isa = PBXVariantGroup;
			children = (
				7BB39840230C1C3C0011ED18 /* Base */,
			);
			name = Main.storyboard;
			sourceTree = "<group>";
		};
		7BB39847230C1C3C0011ED18 /* LaunchScreen.storyboard */ = {
			isa = PBXVariantGroup;
			children = (
				7BB39848230C1C3C0011ED18 /* Base */,
			);
			name = LaunchScreen.storyboard;
			sourceTree = "<group>";
		};
/* End PBXVariantGroup section */

/* Begin XCBuildConfiguration section */
		7BB39861230C1C3D0011ED18 /* Debug */ = {
			isa = XCBuildConfiguration;
			buildSettings = {
				ALWAYS_SEARCH_USER_PATHS = NO;
				CLANG_ANALYZER_NONNULL = YES;
				CLANG_ANALYZER_NUMBER_OBJECT_CONVERSION = YES_AGGRESSIVE;
				CLANG_CXX_LANGUAGE_STANDARD = "gnu++14";
				CLANG_CXX_LIBRARY = "libc++";
				CLANG_ENABLE_MODULES = YES;
				CLANG_ENABLE_OBJC_ARC = YES;
				CLANG_ENABLE_OBJC_WEAK = YES;
				CLANG_WARN_BLOCK_CAPTURE_AUTORELEASING = YES;
				CLANG_WARN_BOOL_CONVERSION = YES;
				CLANG_WARN_COMMA = YES;
				CLANG_WARN_CONSTANT_CONVERSION = YES;
				CLANG_WARN_DEPRECATED_OBJC_IMPLEMENTATIONS = YES;
				CLANG_WARN_DIRECT_OBJC_ISA_USAGE = YES_ERROR;
				CLANG_WARN_DOCUMENTATION_COMMENTS = YES;
				CLANG_WARN_EMPTY_BODY = YES;
				CLANG_WARN_ENUM_CONVERSION = YES;
				CLANG_WARN_INFINITE_RECURSION = YES;
				CLANG_WARN_INT_CONVERSION = YES;
				CLANG_WARN_NON_LITERAL_NULL_CONVERSION = YES;
				CLANG_WARN_OBJC_IMPLICIT_RETAIN_SELF = YES;
				CLANG_WARN_OBJC_LITERAL_CONVERSION = YES;
				CLANG_WARN_OBJC_ROOT_CLASS = YES_ERROR;
				CLANG_WARN_RANGE_LOOP_ANALYSIS = YES;
				CLANG_WARN_STRICT_PROTOTYPES = YES;
				CLANG_WARN_SUSPICIOUS_MOVE = YES;
				CLANG_WARN_UNGUARDED_AVAILABILITY = YES_AGGRESSIVE;
				CLANG_WARN_UNREACHABLE_CODE = YES;
				CLANG_WARN__DUPLICATE_METHOD_MATCH = YES;
				CODE_SIGN_IDENTITY = "iPhone Developer";
				COPY_PHASE_STRIP = NO;
				DEBUG_INFORMATION_FORMAT = dwarf;
				ENABLE_STRICT_OBJC_MSGSEND = YES;
				ENABLE_TESTABILITY = YES;
				GCC_C_LANGUAGE_STANDARD = gnu11;
				GCC_DYNAMIC_NO_PIC = NO;
				GCC_NO_COMMON_BLOCKS = YES;
				GCC_OPTIMIZATION_LEVEL = 0;
				GCC_PREPROCESSOR_DEFINITIONS = (
					"DEBUG=1",
					"$(inherited)",
				);
				GCC_WARN_64_TO_32_BIT_CONVERSION = YES;
				GCC_WARN_ABOUT_RETURN_TYPE = YES_ERROR;
				GCC_WARN_UNDECLARED_SELECTOR = YES;
				GCC_WARN_UNINITIALIZED_AUTOS = YES_AGGRESSIVE;
				GCC_WARN_UNUSED_FUNCTION = YES;
				GCC_WARN_UNUSED_VARIABLE = YES;
				IPHONEOS_DEPLOYMENT_TARGET = 12.2;
				MTL_ENABLE_DEBUG_INFO = INCLUDE_SOURCE;
				MTL_FAST_MATH = YES;
				ONLY_ACTIVE_ARCH = YES;
				SDKROOT = iphoneos;
				SWIFT_ACTIVE_COMPILATION_CONDITIONS = DEBUG;
				SWIFT_OPTIMIZATION_LEVEL = "-Onone";
			};
			name = Debug;
		};
		7BB39862230C1C3D0011ED18 /* Release */ = {
			isa = XCBuildConfiguration;
			buildSettings = {
				ALWAYS_SEARCH_USER_PATHS = NO;
				CLANG_ANALYZER_NONNULL = YES;
				CLANG_ANALYZER_NUMBER_OBJECT_CONVERSION = YES_AGGRESSIVE;
				CLANG_CXX_LANGUAGE_STANDARD = "gnu++14";
				CLANG_CXX_LIBRARY = "libc++";
				CLANG_ENABLE_MODULES = YES;
				CLANG_ENABLE_OBJC_ARC = YES;
				CLANG_ENABLE_OBJC_WEAK = YES;
				CLANG_WARN_BLOCK_CAPTURE_AUTORELEASING = YES;
				CLANG_WARN_BOOL_CONVERSION = YES;
				CLANG_WARN_COMMA = YES;
				CLANG_WARN_CONSTANT_CONVERSION = YES;
				CLANG_WARN_DEPRECATED_OBJC_IMPLEMENTATIONS = YES;
				CLANG_WARN_DIRECT_OBJC_ISA_USAGE = YES_ERROR;
				CLANG_WARN_DOCUMENTATION_COMMENTS = YES;
				CLANG_WARN_EMPTY_BODY = YES;
				CLANG_WARN_ENUM_CONVERSION = YES;
				CLANG_WARN_INFINITE_RECURSION = YES;
				CLANG_WARN_INT_CONVERSION = YES;
				CLANG_WARN_NON_LITERAL_NULL_CONVERSION = YES;
				CLANG_WARN_OBJC_IMPLICIT_RETAIN_SELF = YES;
				CLANG_WARN_OBJC_LITERAL_CONVERSION = YES;
				CLANG_WARN_OBJC_ROOT_CLASS = YES_ERROR;
				CLANG_WARN_RANGE_LOOP_ANALYSIS = YES;
				CLANG_WARN_STRICT_PROTOTYPES = YES;
				CLANG_WARN_SUSPICIOUS_MOVE = YES;
				CLANG_WARN_UNGUARDED_AVAILABILITY = YES_AGGRESSIVE;
				CLANG_WARN_UNREACHABLE_CODE = YES;
				CLANG_WARN__DUPLICATE_METHOD_MATCH = YES;
				CODE_SIGN_IDENTITY = "iPhone Developer";
				COPY_PHASE_STRIP = NO;
				DEBUG_INFORMATION_FORMAT = "dwarf-with-dsym";
				ENABLE_NS_ASSERTIONS = NO;
				ENABLE_STRICT_OBJC_MSGSEND = YES;
				GCC_C_LANGUAGE_STANDARD = gnu11;
				GCC_NO_COMMON_BLOCKS = YES;
				GCC_WARN_64_TO_32_BIT_CONVERSION = YES;
				GCC_WARN_ABOUT_RETURN_TYPE = YES_ERROR;
				GCC_WARN_UNDECLARED_SELECTOR = YES;
				GCC_WARN_UNINITIALIZED_AUTOS = YES_AGGRESSIVE;
				GCC_WARN_UNUSED_FUNCTION = YES;
				GCC_WARN_UNUSED_VARIABLE = YES;
				IPHONEOS_DEPLOYMENT_TARGET = 12.2;
				MTL_ENABLE_DEBUG_INFO = NO;
				MTL_FAST_MATH = YES;
				SDKROOT = iphoneos;
				SWIFT_COMPILATION_MODE = wholemodule;
				SWIFT_OPTIMIZATION_LEVEL = "-O";
				VALIDATE_PRODUCT = YES;
			};
			name = Release;
		};
		7BB39864230C1C3D0011ED18 /* Debug */ = {
			isa = XCBuildConfiguration;
			buildSettings = {
				ASSETCATALOG_COMPILER_APPICON_NAME = AppIcon;
				CODE_SIGN_STYLE = Automatic;
				DEVELOPMENT_TEAM = 6ZL797GF7H;
				INFOPLIST_FILE = StoreReadJSON/Info.plist;
				LD_RUNPATH_SEARCH_PATHS = (
					"$(inherited)",
					"@executable_path/Frameworks",
				);
				PRODUCT_BUNDLE_IDENTIFIER = com.danielhjartstrom.com.StoreReadJSON;
				PRODUCT_NAME = "$(TARGET_NAME)";
				SWIFT_VERSION = 5.0;
				TARGETED_DEVICE_FAMILY = "1,2";
			};
			name = Debug;
		};
		7BB39865230C1C3D0011ED18 /* Release */ = {
			isa = XCBuildConfiguration;
			buildSettings = {
				ASSETCATALOG_COMPILER_APPICON_NAME = AppIcon;
				CODE_SIGN_STYLE = Automatic;
				DEVELOPMENT_TEAM = 6ZL797GF7H;
				INFOPLIST_FILE = StoreReadJSON/Info.plist;
				LD_RUNPATH_SEARCH_PATHS = (
					"$(inherited)",
					"@executable_path/Frameworks",
				);
				PRODUCT_BUNDLE_IDENTIFIER = com.danielhjartstrom.com.StoreReadJSON;
				PRODUCT_NAME = "$(TARGET_NAME)";
				SWIFT_VERSION = 5.0;
				TARGETED_DEVICE_FAMILY = "1,2";
			};
			name = Release;
		};
		7BB39867230C1C3D0011ED18 /* Debug */ = {
			isa = XCBuildConfiguration;
			buildSettings = {
				ALWAYS_EMBED_SWIFT_STANDARD_LIBRARIES = YES;
				BUNDLE_LOADER = "$(TEST_HOST)";
				CODE_SIGN_STYLE = Automatic;
				DEVELOPMENT_TEAM = 6ZL797GF7H;
				INFOPLIST_FILE = StoreReadJSONTests/Info.plist;
				LD_RUNPATH_SEARCH_PATHS = (
					"$(inherited)",
					"@executable_path/Frameworks",
					"@loader_path/Frameworks",
				);
				PRODUCT_BUNDLE_IDENTIFIER = com.danielhjartstrom.com.StoreReadJSONTests;
				PRODUCT_NAME = "$(TARGET_NAME)";
				SWIFT_VERSION = 5.0;
				TARGETED_DEVICE_FAMILY = "1,2";
				TEST_HOST = "$(BUILT_PRODUCTS_DIR)/StoreReadJSON.app/StoreReadJSON";
			};
			name = Debug;
		};
		7BB39868230C1C3D0011ED18 /* Release */ = {
			isa = XCBuildConfiguration;
			buildSettings = {
				ALWAYS_EMBED_SWIFT_STANDARD_LIBRARIES = YES;
				BUNDLE_LOADER = "$(TEST_HOST)";
				CODE_SIGN_STYLE = Automatic;
				DEVELOPMENT_TEAM = 6ZL797GF7H;
				INFOPLIST_FILE = StoreReadJSONTests/Info.plist;
				LD_RUNPATH_SEARCH_PATHS = (
					"$(inherited)",
					"@executable_path/Frameworks",
					"@loader_path/Frameworks",
				);
				PRODUCT_BUNDLE_IDENTIFIER = com.danielhjartstrom.com.StoreReadJSONTests;
				PRODUCT_NAME = "$(TARGET_NAME)";
				SWIFT_VERSION = 5.0;
				TARGETED_DEVICE_FAMILY = "1,2";
				TEST_HOST = "$(BUILT_PRODUCTS_DIR)/StoreReadJSON.app/StoreReadJSON";
			};
			name = Release;
		};
		7BB3986A230C1C3D0011ED18 /* Debug */ = {
			isa = XCBuildConfiguration;
			buildSettings = {
				ALWAYS_EMBED_SWIFT_STANDARD_LIBRARIES = YES;
				CODE_SIGN_STYLE = Automatic;
				DEVELOPMENT_TEAM = 6ZL797GF7H;
				INFOPLIST_FILE = StoreReadJSONUITests/Info.plist;
				LD_RUNPATH_SEARCH_PATHS = (
					"$(inherited)",
					"@executable_path/Frameworks",
					"@loader_path/Frameworks",
				);
				PRODUCT_BUNDLE_IDENTIFIER = com.danielhjartstrom.com.StoreReadJSONUITests;
				PRODUCT_NAME = "$(TARGET_NAME)";
				SWIFT_VERSION = 5.0;
				TARGETED_DEVICE_FAMILY = "1,2";
				TEST_TARGET_NAME = StoreReadJSON;
			};
			name = Debug;
		};
		7BB3986B230C1C3D0011ED18 /* Release */ = {
			isa = XCBuildConfiguration;
			buildSettings = {
				ALWAYS_EMBED_SWIFT_STANDARD_LIBRARIES = YES;
				CODE_SIGN_STYLE = Automatic;
				DEVELOPMENT_TEAM = 6ZL797GF7H;
				INFOPLIST_FILE = StoreReadJSONUITests/Info.plist;
				LD_RUNPATH_SEARCH_PATHS = (
					"$(inherited)",
					"@executable_path/Frameworks",
					"@loader_path/Frameworks",
				);
				PRODUCT_BUNDLE_IDENTIFIER = com.danielhjartstrom.com.StoreReadJSONUITests;
				PRODUCT_NAME = "$(TARGET_NAME)";
				SWIFT_VERSION = 5.0;
				TARGETED_DEVICE_FAMILY = "1,2";
				TEST_TARGET_NAME = StoreReadJSON;
			};
			name = Release;
		};
/* End XCBuildConfiguration section */

/* Begin XCConfigurationList section */
		7BB39833230C1C3C0011ED18 /* Build configuration list for PBXProject "StoreReadJSON" */ = {
			isa = XCConfigurationList;
			buildConfigurations = (
				7BB39861230C1C3D0011ED18 /* Debug */,
				7BB39862230C1C3D0011ED18 /* Release */,
			);
			defaultConfigurationIsVisible = 0;
			defaultConfigurationName = Release;
		};
		7BB39863230C1C3D0011ED18 /* Build configuration list for PBXNativeTarget "StoreReadJSON" */ = {
			isa = XCConfigurationList;
			buildConfigurations = (
				7BB39864230C1C3D0011ED18 /* Debug */,
				7BB39865230C1C3D0011ED18 /* Release */,
			);
			defaultConfigurationIsVisible = 0;
			defaultConfigurationName = Release;
		};
		7BB39866230C1C3D0011ED18 /* Build configuration list for PBXNativeTarget "StoreReadJSONTests" */ = {
			isa = XCConfigurationList;
			buildConfigurations = (
				7BB39867230C1C3D0011ED18 /* Debug */,
				7BB39868230C1C3D0011ED18 /* Release */,
			);
			defaultConfigurationIsVisible = 0;
			defaultConfigurationName = Release;
		};
		7BB39869230C1C3D0011ED18 /* Build configuration list for PBXNativeTarget "StoreReadJSONUITests" */ = {
			isa = XCConfigurationList;
			buildConfigurations = (
				7BB3986A230C1C3D0011ED18 /* Debug */,
				7BB3986B230C1C3D0011ED18 /* Release */,
			);
			defaultConfigurationIsVisible = 0;
			defaultConfigurationName = Release;
		};
/* End XCConfigurationList section */

/* Begin XCVersionGroup section */
		7BB39842230C1C3C0011ED18 /* StoreReadJSON.xcdatamodeld */ = {
			isa = XCVersionGroup;
			children = (
				7BB39843230C1C3C0011ED18 /* StoreReadJSON.xcdatamodel */,
			);
			currentVersion = 7BB39843230C1C3C0011ED18 /* StoreReadJSON.xcdatamodel */;
			path = StoreReadJSON.xcdatamodeld;
			sourceTree = "<group>";
			versionGroupType = wrapper.xcdatamodel;
		};
/* End XCVersionGroup section */
	};
	rootObject = 7BB39830230C1C3C0011ED18 /* Project object */;
}
